<?xml version="1.0" encoding="utf-8"?>
<Project ToolsVersion="4.0" xmlns="http://schemas.microsoft.com/developer/msbuild/2003">
  <ItemGroup>
    <ClCompile Include="VivistaPlayer.cpp" />
    <ClCompile Include="main.c" />
    <ClCompile Include="clock.c" />
    <ClCompile Include="RenderAPI.cpp" />
    <ClCompile Include="RenderAPI_D3D11.cpp" />
    <ClCompile Include="RenderAPI_D3D12.cpp" />
    <ClCompile Include="RenderAPI_OpenGLCoreES.cpp" />
    <ClCompile Include="Decoder.c" />
    <ClCompile Include="Manager.cpp" />
    <ClCompile Include="Decoder.cpp" />
    <ClCompile Include="Logger.cpp" />
  </ItemGroup>
  <ItemGroup>
    <ClInclude Include="Decoder.h" />
    <ClInclude Include="clock.h" />
    <ClInclude Include="PlatformBase.h" />
    <ClInclude Include="RenderAPI.h" />
    <ClInclude Include="Manager.h" />
    <ClInclude Include="Logger.h" />
  </ItemGroup>
</Project>